
Microsoft Visual Studio Solution File, Format Version 11.00
# Visual Studio 2010
Project("{FAE04EC0-301F-11D3-BF4B-00C04F79EFBC}") = "Unity_ArcaletGame", "Assembly-CSharp.csproj", "{4DB8551A-6F0A-9A96-D361-CE5D2CC6484F}"
EndProject
Project("{FAE04EC0-301F-11D3-BF4B-00C04F79EFBC}") = "Unity_ArcaletGame", "Assembly-CSharp-Editor.csproj", "{493DF099-F92E-5FF8-3466-B4C1EBE1C994}"
EndProject
Global
	GlobalSection(SolutionConfigurationPlatforms) = preSolution
		Debug|Any CPU = Debug|Any CPU
		Release|Any CPU = Release|Any CPU
	EndGlobalSection
	GlobalSection(ProjectConfigurationPlatforms) = postSolution
		{4DB8551A-6F0A-9A96-D361-CE5D2CC6484F}.Debug|Any CPU.ActiveCfg = Debug|Any CPU
		{4DB8551A-6F0A-9A96-D361-CE5D2CC6484F}.Debug|Any CPU.Build.0 = Debug|Any CPU
		{4DB8551A-6F0A-9A96-D361-CE5D2CC6484F}.Release|Any CPU.ActiveCfg = Release|Any CPU
		{4DB8551A-6F0A-9A96-D361-CE5D2CC6484F}.Release|Any CPU.Build.0 = Release|Any CPU
		{493DF099-F92E-5FF8-3466-B4C1EBE1C994}.Debug|Any CPU.ActiveCfg = Debug|Any CPU
		{493DF099-F92E-5FF8-3466-B4C1EBE1C994}.Debug|Any CPU.Build.0 = Debug|Any CPU
		{493DF099-F92E-5FF8-3466-B4C1EBE1C994}.Release|Any CPU.ActiveCfg = Release|Any CPU
		{493DF099-F92E-5FF8-3466-B4C1EBE1C994}.Release|Any CPU.Build.0 = Release|Any CPU
	EndGlobalSection
	GlobalSection(SolutionProperties) = preSolution
		HideSolutionNode = FALSE
	EndGlobalSection
	GlobalSection(MonoDevelopProperties) = preSolution
		StartupItem = Assembly-CSharp.csproj
	EndGlobalSection
EndGlobal
